
Microsoft Visual Studio Solution File, Format Version 12.00
# Visual Studio Version 17
VisualStudioVersion = 17.9.34728.123
MinimumVisualStudioVersion = 10.0.40219.1
Project("{FAE04EC0-301F-11D3-BF4B-00C04F79EFBC}") = "Tura5", "Tura5\Tura5.csproj", "{B57EBC8E-6A9C-44C3-9AF8-751F57BAF421}"
EndProject
Global
	GlobalSection(SolutionConfigurationPlatforms) = preSolution
		Debug|Any CPU = Debug|Any CPU
		Release|Any CPU = Release|Any CPU
	EndGlobalSection
	GlobalSection(ProjectConfigurationPlatforms) = postSolution
		{B57EBC8E-6A9C-44C3-9AF8-751F57BAF421}.Debug|Any CPU.ActiveCfg = Debug|Any CPU
		{B57EBC8E-6A9C-44C3-9AF8-751F57BAF421}.Debug|Any CPU.Build.0 = Debug|Any CPU
		{B57EBC8E-6A9C-44C3-9AF8-751F57BAF421}.Release|Any CPU.ActiveCfg = Release|Any CPU
		{B57EBC8E-6A9C-44C3-9AF8-751F57BAF421}.Release|Any CPU.Build.0 = Release|Any CPU
	EndGlobalSection
	GlobalSection(SolutionProperties) = preSolution
		HideSolutionNode = FALSE
	EndGlobalSection
	GlobalSection(ExtensibilityGlobals) = postSolution
		SolutionGuid = {7706EC0D-1723-46E8-9416-7E8EA18C22DF}
	EndGlobalSection
EndGlobal
